
Microsoft Visual Studio Solution File, Format Version 12.00
# Visual Studio Version 16
VisualStudioVersion = 16.0.30523.141
MinimumVisualStudioVersion = 10.0.40219.1
Project("{FAE04EC0-301F-11D3-BF4B-00C04F79EFBC}") = "ShadeRadio", "ShadeRadio.csproj", "{79728015-6D97-4F02-932C-0344278B3CCD}"
EndProject
Global
	GlobalSection(SolutionConfigurationPlatforms) = preSolution
		Debug|Any CPU = Debug|Any CPU
		Release|Any CPU = Release|Any CPU
	EndGlobalSection
	GlobalSection(ProjectConfigurationPlatforms) = postSolution
		{79728015-6D97-4F02-932C-0344278B3CCD}.Debug|Any CPU.ActiveCfg = Debug|Any CPU
		{79728015-6D97-4F02-932C-0344278B3CCD}.Debug|Any CPU.Build.0 = Debug|Any CPU
		{79728015-6D97-4F02-932C-0344278B3CCD}.Release|Any CPU.ActiveCfg = Release|Any CPU
		{79728015-6D97-4F02-932C-0344278B3CCD}.Release|Any CPU.Build.0 = Release|Any CPU
	EndGlobalSection
	GlobalSection(SolutionProperties) = preSolution
		HideSolutionNode = FALSE
	EndGlobalSection
	GlobalSection(ExtensibilityGlobals) = postSolution
		SolutionGuid = {8E844910-4BF5-41A2-8839-9FBF202A9939}
	EndGlobalSection
EndGlobal
